
Microsoft Visual Studio Solution File, Format Version 12.00
# Visual Studio Version 17
VisualStudioVersion = 17.3.32929.385
MinimumVisualStudioVersion = 10.0.40219.1
Project("{FAE04EC0-301F-11D3-BF4B-00C04F79EFBC}") = "Agencia_viajar", "Agencia_viajar\Agencia_viajar.csproj", "{B125C779-5D84-40EA-9438-672C33B4B346}"
EndProject
Global
	GlobalSection(SolutionConfigurationPlatforms) = preSolution
		Debug|Any CPU = Debug|Any CPU
		Release|Any CPU = Release|Any CPU
	EndGlobalSection
	GlobalSection(ProjectConfigurationPlatforms) = postSolution
		{B125C779-5D84-40EA-9438-672C33B4B346}.Debug|Any CPU.ActiveCfg = Debug|Any CPU
		{B125C779-5D84-40EA-9438-672C33B4B346}.Debug|Any CPU.Build.0 = Debug|Any CPU
		{B125C779-5D84-40EA-9438-672C33B4B346}.Release|Any CPU.ActiveCfg = Release|Any CPU
		{B125C779-5D84-40EA-9438-672C33B4B346}.Release|Any CPU.Build.0 = Release|Any CPU
	EndGlobalSection
	GlobalSection(SolutionProperties) = preSolution
		HideSolutionNode = FALSE
	EndGlobalSection
	GlobalSection(ExtensibilityGlobals) = postSolution
		SolutionGuid = {9F760F3E-8316-43AF-A78D-456C2FD4CACB}
	EndGlobalSection
EndGlobal
